
Microsoft Visual Studio Solution File, Format Version 12.00
# Visual Studio 15
VisualStudioVersion = 15.0.27130.2010
MinimumVisualStudioVersion = 10.0.40219.1
Project("{FAE04EC0-301F-11D3-BF4B-00C04F79EFBC}") = "Encrypt", "Encrypt\Encrypt.csproj", "{B2569157-9BE2-4EB1-BCDE-6E4DDF93D4D9}"
EndProject
Global
	GlobalSection(SolutionConfigurationPlatforms) = preSolution
		Debug|Any CPU = Debug|Any CPU
		Release|Any CPU = Release|Any CPU
	EndGlobalSection
	GlobalSection(ProjectConfigurationPlatforms) = postSolution
		{B2569157-9BE2-4EB1-BCDE-6E4DDF93D4D9}.Debug|Any CPU.ActiveCfg = Debug|Any CPU
		{B2569157-9BE2-4EB1-BCDE-6E4DDF93D4D9}.Debug|Any CPU.Build.0 = Debug|Any CPU
		{B2569157-9BE2-4EB1-BCDE-6E4DDF93D4D9}.Release|Any CPU.ActiveCfg = Release|Any CPU
		{B2569157-9BE2-4EB1-BCDE-6E4DDF93D4D9}.Release|Any CPU.Build.0 = Release|Any CPU
	EndGlobalSection
	GlobalSection(SolutionProperties) = preSolution
		HideSolutionNode = FALSE
	EndGlobalSection
	GlobalSection(ExtensibilityGlobals) = postSolution
		SolutionGuid = {84309D48-CEBE-47A4-9360-DA1676549622}
	EndGlobalSection
EndGlobal
